
Microsoft Visual Studio Solution File, Format Version 12.00
# Visual Studio Version 16
VisualStudioVersion = 16.0.31019.35
MinimumVisualStudioVersion = 10.0.40219.1
Project("{FAE04EC0-301F-11D3-BF4B-00C04F79EFBC}") = "ASP 2184587", "ASP 2184587\ASP 2184587.csproj", "{98FDD56E-2DF7-4EC4-AF41-56AB5C199BCF}"
EndProject
Global
	GlobalSection(SolutionConfigurationPlatforms) = preSolution
		Debug|Any CPU = Debug|Any CPU
		Release|Any CPU = Release|Any CPU
	EndGlobalSection
	GlobalSection(ProjectConfigurationPlatforms) = postSolution
		{98FDD56E-2DF7-4EC4-AF41-56AB5C199BCF}.Debug|Any CPU.ActiveCfg = Debug|Any CPU
		{98FDD56E-2DF7-4EC4-AF41-56AB5C199BCF}.Debug|Any CPU.Build.0 = Debug|Any CPU
		{98FDD56E-2DF7-4EC4-AF41-56AB5C199BCF}.Release|Any CPU.ActiveCfg = Release|Any CPU
		{98FDD56E-2DF7-4EC4-AF41-56AB5C199BCF}.Release|Any CPU.Build.0 = Release|Any CPU
	EndGlobalSection
	GlobalSection(SolutionProperties) = preSolution
		HideSolutionNode = FALSE
	EndGlobalSection
	GlobalSection(ExtensibilityGlobals) = postSolution
		SolutionGuid = {2867E0BE-1EAD-4786-B5C4-4341E29C6C25}
	EndGlobalSection
EndGlobal
